{
  "name": "create-design-system",
  "version": "0.1.0",
  "lockfileVersion": 1,
  "requires": true,
  "dependencies": {
    "@npmcli/package-json": {
      "version": "3.0.0",
      "resolved": "https://registry.npmjs.org/@npmcli/package-json/-/package-json-3.0.0.tgz",
      "integrity": "sha512-NnuPuM97xfiCpbTEJYtEuKz6CFbpUHtaT0+5via5pQeI25omvQDFbp1GcGJ/c4zvL/WX0qbde6YiLgfZbWFgvg==",
      "requires": {
        "json-parse-even-better-errors": "^3.0.0"
      }
    },
    "json-parse-even-better-errors": {
      "version": "3.0.0",
      "resolved": "https://registry.npmjs.org/json-parse-even-better-errors/-/json-parse-even-better-errors-3.0.0.tgz",
      "integrity": "sha512-iZbGHafX/59r39gPwVPRBGw0QQKnA7tte5pSMrhWOW7swGsVvVTjmfyAV9pNqk8YGT7tRCdxRu8uzcgZwoDooA=="
    }
  }
}
